
Microsoft Visual Studio Solution File, Format Version 12.00
# Visual Studio Version 17
VisualStudioVersion = 17.10.34928.147
MinimumVisualStudioVersion = 10.0.40219.1
Project("{9A19103F-16F7-4668-BE54-9A1E7A4F7556}") = "WebSchedule", "WebSchedule.csproj", "{5A0B10D1-98AF-4142-B850-A248433F62FB}"
EndProject
Project("{FAE04EC0-301F-11D3-BF4B-00C04F79EFBC}") = "WebSchedule.Infrastructure", "..\WebSchedule.Infrastructure\WebSchedule.Infrastructure.csproj", "{D0A28BE8-DF85-4226-ADD8-1AB1D82CD196}"
EndProject
Project("{FAE04EC0-301F-11D3-BF4B-00C04F79EFBC}") = "WebSchedule.Domain", "..\WebSchedule.Domain\WebSchedule.Domain.csproj", "{EA992E9A-C8DD-405A-B3DF-C3E12B435B7E}"
EndProject
Project("{FAE04EC0-301F-11D3-BF4B-00C04F79EFBC}") = "WebSchedule.ZTest.Domain", "..\WebSchedule.ZTest.Domain\WebSchedule.ZTest.Domain.csproj", "{A996CF40-3294-4AE3-A1C9-28B5EF969DE7}"
EndProject
Global
	GlobalSection(SolutionConfigurationPlatforms) = preSolution
		Debug|Any CPU = Debug|Any CPU
		Release|Any CPU = Release|Any CPU
	EndGlobalSection
	GlobalSection(ProjectConfigurationPlatforms) = postSolution
		{5A0B10D1-98AF-4142-B850-A248433F62FB}.Debug|Any CPU.ActiveCfg = Debug|Any CPU
		{5A0B10D1-98AF-4142-B850-A248433F62FB}.Debug|Any CPU.Build.0 = Debug|Any CPU
		{5A0B10D1-98AF-4142-B850-A248433F62FB}.Release|Any CPU.ActiveCfg = Release|Any CPU
		{5A0B10D1-98AF-4142-B850-A248433F62FB}.Release|Any CPU.Build.0 = Release|Any CPU
		{D0A28BE8-DF85-4226-ADD8-1AB1D82CD196}.Debug|Any CPU.ActiveCfg = Debug|Any CPU
		{D0A28BE8-DF85-4226-ADD8-1AB1D82CD196}.Debug|Any CPU.Build.0 = Debug|Any CPU
		{D0A28BE8-DF85-4226-ADD8-1AB1D82CD196}.Release|Any CPU.ActiveCfg = Release|Any CPU
		{D0A28BE8-DF85-4226-ADD8-1AB1D82CD196}.Release|Any CPU.Build.0 = Release|Any CPU
		{EA992E9A-C8DD-405A-B3DF-C3E12B435B7E}.Debug|Any CPU.ActiveCfg = Debug|Any CPU
		{EA992E9A-C8DD-405A-B3DF-C3E12B435B7E}.Debug|Any CPU.Build.0 = Debug|Any CPU
		{EA992E9A-C8DD-405A-B3DF-C3E12B435B7E}.Release|Any CPU.ActiveCfg = Release|Any CPU
		{EA992E9A-C8DD-405A-B3DF-C3E12B435B7E}.Release|Any CPU.Build.0 = Release|Any CPU
		{A996CF40-3294-4AE3-A1C9-28B5EF969DE7}.Debug|Any CPU.ActiveCfg = Debug|Any CPU
		{A996CF40-3294-4AE3-A1C9-28B5EF969DE7}.Debug|Any CPU.Build.0 = Debug|Any CPU
		{A996CF40-3294-4AE3-A1C9-28B5EF969DE7}.Release|Any CPU.ActiveCfg = Release|Any CPU
		{A996CF40-3294-4AE3-A1C9-28B5EF969DE7}.Release|Any CPU.Build.0 = Release|Any CPU
	EndGlobalSection
	GlobalSection(SolutionProperties) = preSolution
		HideSolutionNode = FALSE
	EndGlobalSection
	GlobalSection(ExtensibilityGlobals) = postSolution
		SolutionGuid = {BADEA2DD-A32D-498E-A05E-3DF323212168}
	EndGlobalSection
EndGlobal
